
Microsoft Visual Studio Solution File, Format Version 12.00
# Visual Studio Version 17
VisualStudioVersion = 17.8.34525.116
MinimumVisualStudioVersion = 10.0.40219.1
Project("{9A19103F-16F7-4668-BE54-9A1E7A4F7556}") = "billing mangment system v2", "billing mangment system v2\billing mangment system v2.csproj", "{F7383EB9-D507-4684-B382-7A3C52454F63}"
EndProject
Global
	GlobalSection(SolutionConfigurationPlatforms) = preSolution
		Debug|Any CPU = Debug|Any CPU
		Release|Any CPU = Release|Any CPU
	EndGlobalSection
	GlobalSection(ProjectConfigurationPlatforms) = postSolution
		{F7383EB9-D507-4684-B382-7A3C52454F63}.Debug|Any CPU.ActiveCfg = Debug|Any CPU
		{F7383EB9-D507-4684-B382-7A3C52454F63}.Debug|Any CPU.Build.0 = Debug|Any CPU
		{F7383EB9-D507-4684-B382-7A3C52454F63}.Release|Any CPU.ActiveCfg = Release|Any CPU
		{F7383EB9-D507-4684-B382-7A3C52454F63}.Release|Any CPU.Build.0 = Release|Any CPU
	EndGlobalSection
	GlobalSection(SolutionProperties) = preSolution
		HideSolutionNode = FALSE
	EndGlobalSection
	GlobalSection(ExtensibilityGlobals) = postSolution
		SolutionGuid = {1ED3B14F-CD18-4D8E-AE99-4E814198D8A2}
	EndGlobalSection
EndGlobal
